// !$*UTF8*$!
{
	archiveVersion = 1;
	classes = {
	};
	objectVersion = 56;
	objects = {

/* Begin PBXBuildFile section */
		604B5C81293FD4EA007FCEF7 /* FrontendApp.swift in Sources */ = {isa = PBXBuildFile; fileRef = 604B5C80293FD4EA007FCEF7 /* FrontendApp.swift */; };
		604B5C83293FD4EA007FCEF7 /* ContentView.swift in Sources */ = {isa = PBXBuildFile; fileRef = 604B5C82293FD4EA007FCEF7 /* ContentView.swift */; };
		604B5C85293FD4F2007FCEF7 /* Assets.xcassets in Resources */ = {isa = PBXBuildFile; fileRef = 604B5C84293FD4F2007FCEF7 /* Assets.xcassets */; };
		604B5C89293FD4F2007FCEF7 /* Preview Assets.xcassets in Resources */ = {isa = PBXBuildFile; fileRef = 604B5C88293FD4F2007FCEF7 /* Preview Assets.xcassets */; };
		604B5C93293FD4F3007FCEF7 /* FrontendTests.swift in Sources */ = {isa = PBXBuildFile; fileRef = 604B5C92293FD4F3007FCEF7 /* FrontendTests.swift */; };
		604B5C9D293FD4F3007FCEF7 /* FrontendUITests.swift in Sources */ = {isa = PBXBuildFile; fileRef = 604B5C9C293FD4F3007FCEF7 /* FrontendUITests.swift */; };
		604B5C9F293FD4F3007FCEF7 /* FrontendUITestsLaunchTests.swift in Sources */ = {isa = PBXBuildFile; fileRef = 604B5C9E293FD4F3007FCEF7 /* FrontendUITestsLaunchTests.swift */; };
/* End PBXBuildFile section */

/* Begin PBXContainerItemProxy section */
		604B5C8F293FD4F3007FCEF7 /* PBXContainerItemProxy */ = {
			isa = PBXContainerItemProxy;
			containerPortal = 604B5C75293FD4EA007FCEF7 /* Project object */;
			proxyType = 1;
			remoteGlobalIDString = 604B5C7C293FD4EA007FCEF7;
			remoteInfo = Frontend;
		};
		604B5C99293FD4F3007FCEF7 /* PBXContainerItemProxy */ = {
			isa = PBXContainerItemProxy;
			containerPortal = 604B5C75293FD4EA007FCEF7 /* Project object */;
			proxyType = 1;
			remoteGlobalIDString = 604B5C7C293FD4EA007FCEF7;
			remoteInfo = Frontend;
		};
/* End PBXContainerItemProxy section */

/* Begin PBXFileReference section */
		604B5C7D293FD4EA007FCEF7 /* Frontend.app */ = {isa = PBXFileReference; explicitFileType = wrapper.application; includeInIndex = 0; path = Frontend.app; sourceTree = BUILT_PRODUCTS_DIR; };
		604B5C80293FD4EA007FCEF7 /* FrontendApp.swift */ = {isa = PBXFileReference; lastKnownFileType = sourcecode.swift; path = FrontendApp.swift; sourceTree = "<group>"; };
		604B5C82293FD4EA007FCEF7 /* ContentView.swift */ = {isa = PBXFileReference; lastKnownFileType = sourcecode.swift; path = ContentView.swift; sourceTree = "<group>"; };
		604B5C84293FD4F2007FCEF7 /* Assets.xcassets */ = {isa = PBXFileReference; lastKnownFileType = folder.assetcatalog; path = Assets.xcassets; sourceTree = "<group>"; };
		604B5C86293FD4F2007FCEF7 /* Frontend.entitlements */ = {isa = PBXFileReference; lastKnownFileType = text.plist.entitlements; path = Frontend.entitlements; sourceTree = "<group>"; };
		604B5C88293FD4F2007FCEF7 /* Preview Assets.xcassets */ = {isa = PBXFileReference; lastKnownFileType = folder.assetcatalog; path = "Preview Assets.xcassets"; sourceTree = "<group>"; };
		604B5C8E293FD4F3007FCEF7 /* FrontendTests.xctest */ = {isa = PBXFileReference; explicitFileType = wrapper.cfbundle; includeInIndex = 0; path = FrontendTests.xctest; sourceTree = BUILT_PRODUCTS_DIR; };
		604B5C92293FD4F3007FCEF7 /* FrontendTests.swift */ = {isa = PBXFileReference; lastKnownFileType = sourcecode.swift; path = FrontendTests.swift; sourceTree = "<group>"; };
		604B5C98293FD4F3007FCEF7 /* FrontendUITests.xctest */ = {isa = PBXFileReference; explicitFileType = wrapper.cfbundle; includeInIndex = 0; path = FrontendUITests.xctest; sourceTree = BUILT_PRODUCTS_DIR; };
		604B5C9C293FD4F3007FCEF7 /* FrontendUITests.swift */ = {isa = PBXFileReference; lastKnownFileType = sourcecode.swift; path = FrontendUITests.swift; sourceTree = "<group>"; };
		604B5C9E293FD4F3007FCEF7 /* FrontendUITestsLaunchTests.swift */ = {isa = PBXFileReference; lastKnownFileType = sourcecode.swift; path = FrontendUITestsLaunchTests.swift; sourceTree = "<group>"; };
/* End PBXFileReference section */

/* Begin PBXFrameworksBuildPhase section */
		604B5C7A293FD4EA007FCEF7 /* Frameworks */ = {
			isa = PBXFrameworksBuildPhase;
			buildActionMask = 2147483647;
			files = (
			);
			runOnlyForDeploymentPostprocessing = 0;
		};
		604B5C8B293FD4F3007FCEF7 /* Frameworks */ = {
			isa = PBXFrameworksBuildPhase;
			buildActionMask = 2147483647;
			files = (
			);
			runOnlyForDeploymentPostprocessing = 0;
		};
		604B5C95293FD4F3007FCEF7 /* Frameworks */ = {
			isa = PBXFrameworksBuildPhase;
			buildActionMask = 2147483647;
			files = (
			);
			runOnlyForDeploymentPostprocessing = 0;
		};
/* End PBXFrameworksBuildPhase section */

/* Begin PBXGroup section */
		604B5C74293FD4EA007FCEF7 = {
			isa = PBXGroup;
			children = (
				604B5C7F293FD4EA007FCEF7 /* Frontend */,
				604B5C91293FD4F3007FCEF7 /* FrontendTests */,
				604B5C9B293FD4F3007FCEF7 /* FrontendUITests */,
				604B5C7E293FD4EA007FCEF7 /* Products */,
			);
			sourceTree = "<group>";
		};
		604B5C7E293FD4EA007FCEF7 /* Products */ = {
			isa = PBXGroup;
			children = (
				604B5C7D293FD4EA007FCEF7 /* Frontend.app */,
				604B5C8E293FD4F3007FCEF7 /* FrontendTests.xctest */,
				604B5C98293FD4F3007FCEF7 /* FrontendUITests.xctest */,
			);
			name = Products;
			sourceTree = "<group>";
		};
		604B5C7F293FD4EA007FCEF7 /* Frontend */ = {
			isa = PBXGroup;
			children = (
				604B5C80293FD4EA007FCEF7 /* FrontendApp.swift */,
				604B5C82293FD4EA007FCEF7 /* ContentView.swift */,
				604B5C84293FD4F2007FCEF7 /* Assets.xcassets */,
				604B5C86293FD4F2007FCEF7 /* Frontend.entitlements */,
				604B5C87293FD4F2007FCEF7 /* Preview Content */,
			);
			path = Frontend;
			sourceTree = "<group>";
		};
		604B5C87293FD4F2007FCEF7 /* Preview Content */ = {
			isa = PBXGroup;
			children = (
				604B5C88293FD4F2007FCEF7 /* Preview Assets.xcassets */,
			);
			path = "Preview Content";
			sourceTree = "<group>";
		};
		604B5C91293FD4F3007FCEF7 /* FrontendTests */ = {
			isa = PBXGroup;
			children = (
				604B5C92293FD4F3007FCEF7 /* FrontendTests.swift */,
			);
			path = FrontendTests;
			sourceTree = "<group>";
		};
		604B5C9B293FD4F3007FCEF7 /* FrontendUITests */ = {
			isa = PBXGroup;
			children = (
				604B5C9C293FD4F3007FCEF7 /* FrontendUITests.swift */,
				604B5C9E293FD4F3007FCEF7 /* FrontendUITestsLaunchTests.swift */,
			);
			path = FrontendUITests;
			sourceTree = "<group>";
		};
/* End PBXGroup section */

/* Begin PBXNativeTarget section */
		604B5C7C293FD4EA007FCEF7 /* Frontend */ = {
			isa = PBXNativeTarget;
			buildConfigurationList = 604B5CA2293FD4F3007FCEF7 /* Build configuration list for PBXNativeTarget "Frontend" */;
			buildPhases = (
				604B5C79293FD4EA007FCEF7 /* Sources */,
				604B5C7A293FD4EA007FCEF7 /* Frameworks */,
				604B5C7B293FD4EA007FCEF7 /* Resources */,
			);
			buildRules = (
			);
			dependencies = (
			);
			name = Frontend;
			productName = Frontend;
			productReference = 604B5C7D293FD4EA007FCEF7 /* Frontend.app */;
			productType = "com.apple.product-type.application";
		};
		604B5C8D293FD4F3007FCEF7 /* FrontendTests */ = {
			isa = PBXNativeTarget;
			buildConfigurationList = 604B5CA5293FD4F3007FCEF7 /* Build configuration list for PBXNativeTarget "FrontendTests" */;
			buildPhases = (
				604B5C8A293FD4F3007FCEF7 /* Sources */,
				604B5C8B293FD4F3007FCEF7 /* Frameworks */,
				604B5C8C293FD4F3007FCEF7 /* Resources */,
			);
			buildRules = (
			);
			dependencies = (
				604B5C90293FD4F3007FCEF7 /* PBXTargetDependency */,
			);
			name = FrontendTests;
			productName = FrontendTests;
			productReference = 604B5C8E293FD4F3007FCEF7 /* FrontendTests.xctest */;
			productType = "com.apple.product-type.bundle.unit-test";
		};
		604B5C97293FD4F3007FCEF7 /* FrontendUITests */ = {
			isa = PBXNativeTarget;
			buildConfigurationList = 604B5CA8293FD4F3007FCEF7 /* Build configuration list for PBXNativeTarget "FrontendUITests" */;
			buildPhases = (
				604B5C94293FD4F3007FCEF7 /* Sources */,
				604B5C95293FD4F3007FCEF7 /* Frameworks */,
				604B5C96293FD4F3007FCEF7 /* Resources */,
			);
			buildRules = (
			);
			dependencies = (
				604B5C9A293FD4F3007FCEF7 /* PBXTargetDependency */,
			);
			name = FrontendUITests;
			productName = FrontendUITests;
			productReference = 604B5C98293FD4F3007FCEF7 /* FrontendUITests.xctest */;
			productType = "com.apple.product-type.bundle.ui-testing";
		};
/* End PBXNativeTarget section */

/* Begin PBXProject section */
		604B5C75293FD4EA007FCEF7 /* Project object */ = {
			isa = PBXProject;
			attributes = {
				BuildIndependentTargetsInParallel = 1;
				LastSwiftUpdateCheck = 1410;
				LastUpgradeCheck = 1410;
				TargetAttributes = {
					604B5C7C293FD4EA007FCEF7 = {
						CreatedOnToolsVersion = 14.1;
					};
					604B5C8D293FD4F3007FCEF7 = {
						CreatedOnToolsVersion = 14.1;
						TestTargetID = 604B5C7C293FD4EA007FCEF7;
					};
					604B5C97293FD4F3007FCEF7 = {
						CreatedOnToolsVersion = 14.1;
						TestTargetID = 604B5C7C293FD4EA007FCEF7;
					};
				};
			};
			buildConfigurationList = 604B5C78293FD4EA007FCEF7 /* Build configuration list for PBXProject "Frontend" */;
			compatibilityVersion = "Xcode 14.0";
			developmentRegion = en;
			hasScannedForEncodings = 0;
			knownRegions = (
				en,
				Base,
			);
			mainGroup = 604B5C74293FD4EA007FCEF7;
			productRefGroup = 604B5C7E293FD4EA007FCEF7 /* Products */;
			projectDirPath = "";
			projectRoot = "";
			targets = (
				604B5C7C293FD4EA007FCEF7 /* Frontend */,
				604B5C8D293FD4F3007FCEF7 /* FrontendTests */,
				604B5C97293FD4F3007FCEF7 /* FrontendUITests */,
			);
		};
/* End PBXProject section */

/* Begin PBXResourcesBuildPhase section */
		604B5C7B293FD4EA007FCEF7 /* Resources */ = {
			isa = PBXResourcesBuildPhase;
			buildActionMask = 2147483647;
			files = (
				604B5C89293FD4F2007FCEF7 /* Preview Assets.xcassets in Resources */,
				604B5C85293FD4F2007FCEF7 /* Assets.xcassets in Resources */,
			);
			runOnlyForDeploymentPostprocessing = 0;
		};
		604B5C8C293FD4F3007FCEF7 /* Resources */ = {
			isa = PBXResourcesBuildPhase;
			buildActionMask = 2147483647;
			files = (
			);
			runOnlyForDeploymentPostprocessing = 0;
		};
		604B5C96293FD4F3007FCEF7 /* Resources */ = {
			isa = PBXResourcesBuildPhase;
			buildActionMask = 2147483647;
			files = (
			);
			runOnlyForDeploymentPostprocessing = 0;
		};
/* End PBXResourcesBuildPhase section */

/* Begin PBXSourcesBuildPhase section */
		604B5C79293FD4EA007FCEF7 /* Sources */ = {
			isa = PBXSourcesBuildPhase;
			buildActionMask = 2147483647;
			files = (
				604B5C83293FD4EA007FCEF7 /* ContentView.swift in Sources */,
				604B5C81293FD4EA007FCEF7 /* FrontendApp.swift in Sources */,
			);
			runOnlyForDeploymentPostprocessing = 0;
		};
		604B5C8A293FD4F3007FCEF7 /* Sources */ = {
			isa = PBXSourcesBuildPhase;
			buildActionMask = 2147483647;
			files = (
				604B5C93293FD4F3007FCEF7 /* FrontendTests.swift in Sources */,
			);
			runOnlyForDeploymentPostprocessing = 0;
		};
		604B5C94293FD4F3007FCEF7 /* Sources */ = {
			isa = PBXSourcesBuildPhase;
			buildActionMask = 2147483647;
			files = (
				604B5C9F293FD4F3007FCEF7 /* FrontendUITestsLaunchTests.swift in Sources */,
				604B5C9D293FD4F3007FCEF7 /* FrontendUITests.swift in Sources */,
			);
			runOnlyForDeploymentPostprocessing = 0;
		};
/* End PBXSourcesBuildPhase section */

/* Begin PBXTargetDependency section */
		604B5C90293FD4F3007FCEF7 /* PBXTargetDependency */ = {
			isa = PBXTargetDependency;
			target = 604B5C7C293FD4EA007FCEF7 /* Frontend */;
			targetProxy = 604B5C8F293FD4F3007FCEF7 /* PBXContainerItemProxy */;
		};
		604B5C9A293FD4F3007FCEF7 /* PBXTargetDependency */ = {
			isa = PBXTargetDependency;
			target = 604B5C7C293FD4EA007FCEF7 /* Frontend */;
			targetProxy = 604B5C99293FD4F3007FCEF7 /* PBXContainerItemProxy */;
		};
/* End PBXTargetDependency section */

/* Begin XCBuildConfiguration section */
		604B5CA0293FD4F3007FCEF7 /* Debug */ = {
			isa = XCBuildConfiguration;
			buildSettings = {
				ALWAYS_SEARCH_USER_PATHS = NO;
				CLANG_ANALYZER_NONNULL = YES;
				CLANG_ANALYZER_NUMBER_OBJECT_CONVERSION = YES_AGGRESSIVE;
				CLANG_CXX_LANGUAGE_STANDARD = "gnu++20";
				CLANG_ENABLE_MODULES = YES;
				CLANG_ENABLE_OBJC_ARC = YES;
				CLANG_ENABLE_OBJC_WEAK = YES;
				CLANG_WARN_BLOCK_CAPTURE_AUTORELEASING = YES;
				CLANG_WARN_BOOL_CONVERSION = YES;
				CLANG_WARN_COMMA = YES;
				CLANG_WARN_CONSTANT_CONVERSION = YES;
				CLANG_WARN_DEPRECATED_OBJC_IMPLEMENTATIONS = YES;
				CLANG_WARN_DIRECT_OBJC_ISA_USAGE = YES_ERROR;
				CLANG_WARN_DOCUMENTATION_COMMENTS = YES;
				CLANG_WARN_EMPTY_BODY = YES;
				CLANG_WARN_ENUM_CONVERSION = YES;
				CLANG_WARN_INFINITE_RECURSION = YES;
				CLANG_WARN_INT_CONVERSION = YES;
				CLANG_WARN_NON_LITERAL_NULL_CONVERSION = YES;
				CLANG_WARN_OBJC_IMPLICIT_RETAIN_SELF = YES;
				CLANG_WARN_OBJC_LITERAL_CONVERSION = YES;
				CLANG_WARN_OBJC_ROOT_CLASS = YES_ERROR;
				CLANG_WARN_QUOTED_INCLUDE_IN_FRAMEWORK_HEADER = YES;
				CLANG_WARN_RANGE_LOOP_ANALYSIS = YES;
				CLANG_WARN_STRICT_PROTOTYPES = YES;
				CLANG_WARN_SUSPICIOUS_MOVE = YES;
				CLANG_WARN_UNGUARDED_AVAILABILITY = YES_AGGRESSIVE;
				CLANG_WARN_UNREACHABLE_CODE = YES;
				CLANG_WARN__DUPLICATE_METHOD_MATCH = YES;
				COPY_PHASE_STRIP = NO;
				DEBUG_INFORMATION_FORMAT = dwarf;
				ENABLE_STRICT_OBJC_MSGSEND = YES;
				ENABLE_TESTABILITY = YES;
				GCC_C_LANGUAGE_STANDARD = gnu11;
				GCC_DYNAMIC_NO_PIC = NO;
				GCC_NO_COMMON_BLOCKS = YES;
				GCC_OPTIMIZATION_LEVEL = 0;
				GCC_PREPROCESSOR_DEFINITIONS = (
					"DEBUG=1",
					"$(inherited)",
				);
				GCC_WARN_64_TO_32_BIT_CONVERSION = YES;
				GCC_WARN_ABOUT_RETURN_TYPE = YES_ERROR;
				GCC_WARN_UNDECLARED_SELECTOR = YES;
				GCC_WARN_UNINITIALIZED_AUTOS = YES_AGGRESSIVE;
				GCC_WARN_UNUSED_FUNCTION = YES;
				GCC_WARN_UNUSED_VARIABLE = YES;
				MTL_ENABLE_DEBUG_INFO = INCLUDE_SOURCE;
				MTL_FAST_MATH = YES;
				ONLY_ACTIVE_ARCH = YES;
				SWIFT_ACTIVE_COMPILATION_CONDITIONS = DEBUG;
				SWIFT_OPTIMIZATION_LEVEL = "-Onone";
			};
			name = Debug;
		};
		604B5CA1293FD4F3007FCEF7 /* Release */ = {
			isa = XCBuildConfiguration;
			buildSettings = {
				ALWAYS_SEARCH_USER_PATHS = NO;
				CLANG_ANALYZER_NONNULL = YES;
				CLANG_ANALYZER_NUMBER_OBJECT_CONVERSION = YES_AGGRESSIVE;
				CLANG_CXX_LANGUAGE_STANDARD = "gnu++20";
				CLANG_ENABLE_MODULES = YES;
				CLANG_ENABLE_OBJC_ARC = YES;
				CLANG_ENABLE_OBJC_WEAK = YES;
				CLANG_WARN_BLOCK_CAPTURE_AUTORELEASING = YES;
				CLANG_WARN_BOOL_CONVERSION = YES;
				CLANG_WARN_COMMA = YES;
				CLANG_WARN_CONSTANT_CONVERSION = YES;
				CLANG_WARN_DEPRECATED_OBJC_IMPLEMENTATIONS = YES;
				CLANG_WARN_DIRECT_OBJC_ISA_USAGE = YES_ERROR;
				CLANG_WARN_DOCUMENTATION_COMMENTS = YES;
				CLANG_WARN_EMPTY_BODY = YES;
				CLANG_WARN_ENUM_CONVERSION = YES;
				CLANG_WARN_INFINITE_RECURSION = YES;
				CLANG_WARN_INT_CONVERSION = YES;
				CLANG_WARN_NON_LITERAL_NULL_CONVERSION = YES;
				CLANG_WARN_OBJC_IMPLICIT_RETAIN_SELF = YES;
				CLANG_WARN_OBJC_LITERAL_CONVERSION = YES;
				CLANG_WARN_OBJC_ROOT_CLASS = YES_ERROR;
				CLANG_WARN_QUOTED_INCLUDE_IN_FRAMEWORK_HEADER = YES;
				CLANG_WARN_RANGE_LOOP_ANALYSIS = YES;
				CLANG_WARN_STRICT_PROTOTYPES = YES;
				CLANG_WARN_SUSPICIOUS_MOVE = YES;
				CLANG_WARN_UNGUARDED_AVAILABILITY = YES_AGGRESSIVE;
				CLANG_WARN_UNREACHABLE_CODE = YES;
				CLANG_WARN__DUPLICATE_METHOD_MATCH = YES;
				COPY_PHASE_STRIP = NO;
				DEBUG_INFORMATION_FORMAT = "dwarf-with-dsym";
				ENABLE_NS_ASSERTIONS = NO;
				ENABLE_STRICT_OBJC_MSGSEND = YES;
				GCC_C_LANGUAGE_STANDARD = gnu11;
				GCC_NO_COMMON_BLOCKS = YES;
				GCC_WARN_64_TO_32_BIT_CONVERSION = YES;
				GCC_WARN_ABOUT_RETURN_TYPE = YES_ERROR;
				GCC_WARN_UNDECLARED_SELECTOR = YES;
				GCC_WARN_UNINITIALIZED_AUTOS = YES_AGGRESSIVE;
				GCC_WARN_UNUSED_FUNCTION = YES;
				GCC_WARN_UNUSED_VARIABLE = YES;
				MTL_ENABLE_DEBUG_INFO = NO;
				MTL_FAST_MATH = YES;
				SWIFT_COMPILATION_MODE = wholemodule;
				SWIFT_OPTIMIZATION_LEVEL = "-O";
			};
			name = Release;
		};
		604B5CA3293FD4F3007FCEF7 /* Debug */ = {
			isa = XCBuildConfiguration;
			buildSettings = {
				ASSETCATALOG_COMPILER_APPICON_NAME = AppIcon;
				ASSETCATALOG_COMPILER_GLOBAL_ACCENT_COLOR_NAME = AccentColor;
				CODE_SIGN_ENTITLEMENTS = Frontend/Frontend.entitlements;
				CODE_SIGN_STYLE = Automatic;
				CURRENT_PROJECT_VERSION = 1;
				DEVELOPMENT_ASSET_PATHS = "\"Frontend/Preview Content\"";
				DEVELOPMENT_TEAM = 8G7H6L3242;
				ENABLE_HARDENED_RUNTIME = YES;
				ENABLE_PREVIEWS = YES;
				GENERATE_INFOPLIST_FILE = YES;
				"INFOPLIST_KEY_UIApplicationSceneManifest_Generation[sdk=iphoneos*]" = YES;
				"INFOPLIST_KEY_UIApplicationSceneManifest_Generation[sdk=iphonesimulator*]" = YES;
				"INFOPLIST_KEY_UIApplicationSupportsIndirectInputEvents[sdk=iphoneos*]" = YES;
				"INFOPLIST_KEY_UIApplicationSupportsIndirectInputEvents[sdk=iphonesimulator*]" = YES;
				"INFOPLIST_KEY_UILaunchScreen_Generation[sdk=iphoneos*]" = YES;
				"INFOPLIST_KEY_UILaunchScreen_Generation[sdk=iphonesimulator*]" = YES;
				"INFOPLIST_KEY_UIStatusBarStyle[sdk=iphoneos*]" = UIStatusBarStyleDefault;
				"INFOPLIST_KEY_UIStatusBarStyle[sdk=iphonesimulator*]" = UIStatusBarStyleDefault;
				INFOPLIST_KEY_UISupportedInterfaceOrientations_iPad = "UIInterfaceOrientationPortrait UIInterfaceOrientationPortraitUpsideDown UIInterfaceOrientationLandscapeLeft UIInterfaceOrientationLandscapeRight";
				INFOPLIST_KEY_UISupportedInterfaceOrientations_iPhone = "UIInterfaceOrientationPortrait UIInterfaceOrientationLandscapeLeft UIInterfaceOrientationLandscapeRight";
				IPHONEOS_DEPLOYMENT_TARGET = 16.1;
				LD_RUNPATH_SEARCH_PATHS = "@executable_path/Frameworks";
				"LD_RUNPATH_SEARCH_PATHS[sdk=macosx*]" = "@executable_path/../Frameworks";
				MACOSX_DEPLOYMENT_TARGET = 12.6;
				MARKETING_VERSION = 1.0;
				PRODUCT_BUNDLE_IDENTIFIER = TeamK9.Frontend;
				PRODUCT_NAME = "$(TARGET_NAME)";
				SDKROOT = auto;
				SUPPORTED_PLATFORMS = "iphoneos iphonesimulator macosx";
				SWIFT_EMIT_LOC_STRINGS = YES;
				SWIFT_VERSION = 5.0;
				TARGETED_DEVICE_FAMILY = "1,2";
			};
			name = Debug;
		};
		604B5CA4293FD4F3007FCEF7 /* Release */ = {
			isa = XCBuildConfiguration;
			buildSettings = {
				ASSETCATALOG_COMPILER_APPICON_NAME = AppIcon;
				ASSETCATALOG_COMPILER_GLOBAL_ACCENT_COLOR_NAME = AccentColor;
				CODE_SIGN_ENTITLEMENTS = Frontend/Frontend.entitlements;
				CODE_SIGN_STYLE = Automatic;
				CURRENT_PROJECT_VERSION = 1;
				DEVELOPMENT_ASSET_PATHS = "\"Frontend/Preview Content\"";
				DEVELOPMENT_TEAM = 8G7H6L3242;
				ENABLE_HARDENED_RUNTIME = YES;
				ENABLE_PREVIEWS = YES;
				GENERATE_INFOPLIST_FILE = YES;
				"INFOPLIST_KEY_UIApplicationSceneManifest_Generation[sdk=iphoneos*]" = YES;
				"INFOPLIST_KEY_UIApplicationSceneManifest_Generation[sdk=iphonesimulator*]" = YES;
				"INFOPLIST_KEY_UIApplicationSupportsIndirectInputEvents[sdk=iphoneos*]" = YES;
				"INFOPLIST_KEY_UIApplicationSupportsIndirectInputEvents[sdk=iphonesimulator*]" = YES;
				"INFOPLIST_KEY_UILaunchScreen_Generation[sdk=iphoneos*]" = YES;
				"INFOPLIST_KEY_UILaunchScreen_Generation[sdk=iphonesimulator*]" = YES;
				"INFOPLIST_KEY_UIStatusBarStyle[sdk=iphoneos*]" = UIStatusBarStyleDefault;
				"INFOPLIST_KEY_UIStatusBarStyle[sdk=iphonesimulator*]" = UIStatusBarStyleDefault;
				INFOPLIST_KEY_UISupportedInterfaceOrientations_iPad = "UIInterfaceOrientationPortrait UIInterfaceOrientationPortraitUpsideDown UIInterfaceOrientationLandscapeLeft UIInterfaceOrientationLandscapeRight";
				INFOPLIST_KEY_UISupportedInterfaceOrientations_iPhone = "UIInterfaceOrientationPortrait UIInterfaceOrientationLandscapeLeft UIInterfaceOrientationLandscapeRight";
				IPHONEOS_DEPLOYMENT_TARGET = 16.1;
				LD_RUNPATH_SEARCH_PATHS = "@executable_path/Frameworks";
				"LD_RUNPATH_SEARCH_PATHS[sdk=macosx*]" = "@executable_path/../Frameworks";
				MACOSX_DEPLOYMENT_TARGET = 12.6;
				MARKETING_VERSION = 1.0;
				PRODUCT_BUNDLE_IDENTIFIER = TeamK9.Frontend;
				PRODUCT_NAME = "$(TARGET_NAME)";
				SDKROOT = auto;
				SUPPORTED_PLATFORMS = "iphoneos iphonesimulator macosx";
				SWIFT_EMIT_LOC_STRINGS = YES;
				SWIFT_VERSION = 5.0;
				TARGETED_DEVICE_FAMILY = "1,2";
			};
			name = Release;
		};
		604B5CA6293FD4F3007FCEF7 /* Debug */ = {
			isa = XCBuildConfiguration;
			buildSettings = {
				ALWAYS_EMBED_SWIFT_STANDARD_LIBRARIES = YES;
				BUNDLE_LOADER = "$(TEST_HOST)";
				CODE_SIGN_STYLE = Automatic;
				CURRENT_PROJECT_VERSION = 1;
				DEVELOPMENT_TEAM = 8G7H6L3242;
				GENERATE_INFOPLIST_FILE = YES;
				IPHONEOS_DEPLOYMENT_TARGET = 16.1;
				MACOSX_DEPLOYMENT_TARGET = 12.6;
				MARKETING_VERSION = 1.0;
				PRODUCT_BUNDLE_IDENTIFIER = TeamK9.FrontendTests;
				PRODUCT_NAME = "$(TARGET_NAME)";
				SDKROOT = auto;
				SUPPORTED_PLATFORMS = "iphoneos iphonesimulator macosx";
				SWIFT_EMIT_LOC_STRINGS = NO;
				SWIFT_VERSION = 5.0;
				TARGETED_DEVICE_FAMILY = "1,2";
				TEST_HOST = "$(BUILT_PRODUCTS_DIR)/Frontend.app/$(BUNDLE_EXECUTABLE_FOLDER_PATH)/Frontend";
			};
			name = Debug;
		};
		604B5CA7293FD4F3007FCEF7 /* Release */ = {
			isa = XCBuildConfiguration;
			buildSettings = {
				ALWAYS_EMBED_SWIFT_STANDARD_LIBRARIES = YES;
				BUNDLE_LOADER = "$(TEST_HOST)";
				CODE_SIGN_STYLE = Automatic;
				CURRENT_PROJECT_VERSION = 1;
				DEVELOPMENT_TEAM = 8G7H6L3242;
				GENERATE_INFOPLIST_FILE = YES;
				IPHONEOS_DEPLOYMENT_TARGET = 16.1;
				MACOSX_DEPLOYMENT_TARGET = 12.6;
				MARKETING_VERSION = 1.0;
				PRODUCT_BUNDLE_IDENTIFIER = TeamK9.FrontendTests;
				PRODUCT_NAME = "$(TARGET_NAME)";
				SDKROOT = auto;
				SUPPORTED_PLATFORMS = "iphoneos iphonesimulator macosx";
				SWIFT_EMIT_LOC_STRINGS = NO;
				SWIFT_VERSION = 5.0;
				TARGETED_DEVICE_FAMILY = "1,2";
				TEST_HOST = "$(BUILT_PRODUCTS_DIR)/Frontend.app/$(BUNDLE_EXECUTABLE_FOLDER_PATH)/Frontend";
			};
			name = Release;
		};
		604B5CA9293FD4F3007FCEF7 /* Debug */ = {
			isa = XCBuildConfiguration;
			buildSettings = {
				ALWAYS_EMBED_SWIFT_STANDARD_LIBRARIES = YES;
				CODE_SIGN_STYLE = Automatic;
				CURRENT_PROJECT_VERSION = 1;
				DEVELOPMENT_TEAM = 8G7H6L3242;
				GENERATE_INFOPLIST_FILE = YES;
				IPHONEOS_DEPLOYMENT_TARGET = 16.1;
				MACOSX_DEPLOYMENT_TARGET = 12.6;
				MARKETING_VERSION = 1.0;
				PRODUCT_BUNDLE_IDENTIFIER = TeamK9.FrontendUITests;
				PRODUCT_NAME = "$(TARGET_NAME)";
				SDKROOT = auto;
				SUPPORTED_PLATFORMS = "iphoneos iphonesimulator macosx";
				SWIFT_EMIT_LOC_STRINGS = NO;
				SWIFT_VERSION = 5.0;
				TARGETED_DEVICE_FAMILY = "1,2";
				TEST_TARGET_NAME = Frontend;
			};
			name = Debug;
		};
		604B5CAA293FD4F3007FCEF7 /* Release */ = {
			isa = XCBuildConfiguration;
			buildSettings = {
				ALWAYS_EMBED_SWIFT_STANDARD_LIBRARIES = YES;
				CODE_SIGN_STYLE = Automatic;
				CURRENT_PROJECT_VERSION = 1;
				DEVELOPMENT_TEAM = 8G7H6L3242;
				GENERATE_INFOPLIST_FILE = YES;
				IPHONEOS_DEPLOYMENT_TARGET = 16.1;
				MACOSX_DEPLOYMENT_TARGET = 12.6;
				MARKETING_VERSION = 1.0;
				PRODUCT_BUNDLE_IDENTIFIER = TeamK9.FrontendUITests;
				PRODUCT_NAME = "$(TARGET_NAME)";
				SDKROOT = auto;
				SUPPORTED_PLATFORMS = "iphoneos iphonesimulator macosx";
				SWIFT_EMIT_LOC_STRINGS = NO;
				SWIFT_VERSION = 5.0;
				TARGETED_DEVICE_FAMILY = "1,2";
				TEST_TARGET_NAME = Frontend;
			};
			name = Release;
		};
/* End XCBuildConfiguration section */

/* Begin XCConfigurationList section */
		604B5C78293FD4EA007FCEF7 /* Build configuration list for PBXProject "Frontend" */ = {
			isa = XCConfigurationList;
			buildConfigurations = (
				604B5CA0293FD4F3007FCEF7 /* Debug */,
				604B5CA1293FD4F3007FCEF7 /* Release */,
			);
			defaultConfigurationIsVisible = 0;
			defaultConfigurationName = Release;
		};
		604B5CA2293FD4F3007FCEF7 /* Build configuration list for PBXNativeTarget "Frontend" */ = {
			isa = XCConfigurationList;
			buildConfigurations = (
				604B5CA3293FD4F3007FCEF7 /* Debug */,
				604B5CA4293FD4F3007FCEF7 /* Release */,
			);
			defaultConfigurationIsVisible = 0;
			defaultConfigurationName = Release;
		};
		604B5CA5293FD4F3007FCEF7 /* Build configuration list for PBXNativeTarget "FrontendTests" */ = {
			isa = XCConfigurationList;
			buildConfigurations = (
				604B5CA6293FD4F3007FCEF7 /* Debug */,
				604B5CA7293FD4F3007FCEF7 /* Release */,
			);
			defaultConfigurationIsVisible = 0;
			defaultConfigurationName = Release;
		};
		604B5CA8293FD4F3007FCEF7 /* Build configuration list for PBXNativeTarget "FrontendUITests" */ = {
			isa = XCConfigurationList;
			buildConfigurations = (
				604B5CA9293FD4F3007FCEF7 /* Debug */,
				604B5CAA293FD4F3007FCEF7 /* Release */,
			);
			defaultConfigurationIsVisible = 0;
			defaultConfigurationName = Release;
		};
/* End XCConfigurationList section */
	};
	rootObject = 604B5C75293FD4EA007FCEF7 /* Project object */;
}
